{
  "requires": true,
  "lockfileVersion": 1,
  "dependencies": {
    "es5-shim": {
      "version": "4.5.13",
      "resolved": "https://registry.npmjs.org/es5-shim/-/es5-shim-4.5.13.tgz",
      "integrity": "sha512-xi6hh6gsvDE0MaW4Vp1lgNEBpVcCXRWfPXj5egDvtgLz4L9MEvNwYEMdJH+JJinWkwa8c3c3o5HduV7dB/e1Hw=="
    },
    "lunr": {
      "version": "2.3.6",
      "resolved": "https://registry.npmjs.org/lunr/-/lunr-2.3.6.tgz",
      "integrity": "sha512-swStvEyDqQ85MGpABCMBclZcLI/pBIlu8FFDtmX197+oEgKloJ67QnB+Tidh0340HmLMs39c4GrkPY3cmkXp6Q=="
    }
  }
}
